
Microsoft Visual Studio Solution File, Format Version 12.00
# Visual Studio Version 17
VisualStudioVersion = 17.6.33829.357
MinimumVisualStudioVersion = 10.0.40219.1
Project("{FAE04EC0-301F-11D3-BF4B-00C04F79EFBC}") = "Cadier.Desktop", "Cadier.Desktop\Cadier.Desktop.csproj", "{09FC125C-52ED-4BA1-9FD6-F4EC1C2C57C6}"
EndProject
Project("{2150E333-8FDC-42A3-9474-1A3956D46DE8}") = "View", "View", "{50C897C3-957D-450B-9B6D-EDBB7259EBC1}"
EndProject
Project("{2150E333-8FDC-42A3-9474-1A3956D46DE8}") = "Model", "Model", "{23AE4705-D8A7-4532-A912-2424C7E0AFB3}"
EndProject
Project("{2150E333-8FDC-42A3-9474-1A3956D46DE8}") = "Infra", "Infra", "{29A9F78B-6832-4C25-8DAF-1D0AEB08AB85}"
EndProject
Project("{2150E333-8FDC-42A3-9474-1A3956D46DE8}") = "Dal", "Dal", "{FC13CD9E-655D-4475-9A19-13A3D354E51B}"
EndProject
Project("{2150E333-8FDC-42A3-9474-1A3956D46DE8}") = "Business", "Business", "{90774A02-A443-4987-A434-D956789BA938}"
EndProject
Project("{9A19103F-16F7-4668-BE54-9A1E7A4F7556}") = "Cadier.Abstractions", "Cadier.Abstractions\Cadier.Abstractions.csproj", "{8B776CCC-B0BE-412E-99FD-CD7361EEB2F9}"
EndProject
Project("{9A19103F-16F7-4668-BE54-9A1E7A4F7556}") = "Cadier.Core", "Cadier.Core\Cadier.Core.csproj", "{8044A86E-94C0-41E5-9422-BCE6EBEA3A30}"
EndProject
Project("{9A19103F-16F7-4668-BE54-9A1E7A4F7556}") = "Cadier.Utilitaries", "Cadier.Utilitaries\Cadier.Utilitaries.csproj", "{D09879D8-5ECE-4FE8-B53D-2CC21E261D75}"
EndProject
Project("{9A19103F-16F7-4668-BE54-9A1E7A4F7556}") = "Cadier.DB", "Cadier.DB\Cadier.DB.csproj", "{86928823-2A8D-42E1-AA71-1C30B1F10E72}"
EndProject
Project("{9A19103F-16F7-4668-BE54-9A1E7A4F7556}") = "Cadier.Business", "Cadier.Business\Cadier.Business.csproj", "{70914160-AACE-44E2-86B4-7F382CD0F1EB}"
EndProject
Project("{FAE04EC0-301F-11D3-BF4B-00C04F79EFBC}") = "Cadier.Model", "Cadier.Model\Cadier.Model.csproj", "{CBE30ACF-C01C-4252-9698-EA8C87D1D459}"
EndProject
Global
	GlobalSection(SolutionConfigurationPlatforms) = preSolution
		Debug|Any CPU = Debug|Any CPU
		Debug|ARM = Debug|ARM
		Debug|ARM64 = Debug|ARM64
		Debug|x64 = Debug|x64
		Debug|x86 = Debug|x86
		Release|Any CPU = Release|Any CPU
		Release|ARM = Release|ARM
		Release|ARM64 = Release|ARM64
		Release|x64 = Release|x64
		Release|x86 = Release|x86
	EndGlobalSection
	GlobalSection(ProjectConfigurationPlatforms) = postSolution
		{09FC125C-52ED-4BA1-9FD6-F4EC1C2C57C6}.Debug|Any CPU.ActiveCfg = Debug|Any CPU
		{09FC125C-52ED-4BA1-9FD6-F4EC1C2C57C6}.Debug|Any CPU.Build.0 = Debug|Any CPU
		{09FC125C-52ED-4BA1-9FD6-F4EC1C2C57C6}.Debug|ARM.ActiveCfg = Debug|Any CPU
		{09FC125C-52ED-4BA1-9FD6-F4EC1C2C57C6}.Debug|ARM.Build.0 = Debug|Any CPU
		{09FC125C-52ED-4BA1-9FD6-F4EC1C2C57C6}.Debug|ARM64.ActiveCfg = Debug|Any CPU
		{09FC125C-52ED-4BA1-9FD6-F4EC1C2C57C6}.Debug|ARM64.Build.0 = Debug|Any CPU
		{09FC125C-52ED-4BA1-9FD6-F4EC1C2C57C6}.Debug|x64.ActiveCfg = Debug|Any CPU
		{09FC125C-52ED-4BA1-9FD6-F4EC1C2C57C6}.Debug|x64.Build.0 = Debug|Any CPU
		{09FC125C-52ED-4BA1-9FD6-F4EC1C2C57C6}.Debug|x86.ActiveCfg = Debug|Any CPU
		{09FC125C-52ED-4BA1-9FD6-F4EC1C2C57C6}.Debug|x86.Build.0 = Debug|Any CPU
		{09FC125C-52ED-4BA1-9FD6-F4EC1C2C57C6}.Release|Any CPU.ActiveCfg = Release|Any CPU
		{09FC125C-52ED-4BA1-9FD6-F4EC1C2C57C6}.Release|Any CPU.Build.0 = Release|Any CPU
		{09FC125C-52ED-4BA1-9FD6-F4EC1C2C57C6}.Release|ARM.ActiveCfg = Release|Any CPU
		{09FC125C-52ED-4BA1-9FD6-F4EC1C2C57C6}.Release|ARM.Build.0 = Release|Any CPU
		{09FC125C-52ED-4BA1-9FD6-F4EC1C2C57C6}.Release|ARM64.ActiveCfg = Release|Any CPU
		{09FC125C-52ED-4BA1-9FD6-F4EC1C2C57C6}.Release|ARM64.Build.0 = Release|Any CPU
		{09FC125C-52ED-4BA1-9FD6-F4EC1C2C57C6}.Release|x64.ActiveCfg = Release|Any CPU
		{09FC125C-52ED-4BA1-9FD6-F4EC1C2C57C6}.Release|x64.Build.0 = Release|Any CPU
		{09FC125C-52ED-4BA1-9FD6-F4EC1C2C57C6}.Release|x86.ActiveCfg = Release|Any CPU
		{09FC125C-52ED-4BA1-9FD6-F4EC1C2C57C6}.Release|x86.Build.0 = Release|Any CPU
		{8B776CCC-B0BE-412E-99FD-CD7361EEB2F9}.Debug|Any CPU.ActiveCfg = Debug|Any CPU
		{8B776CCC-B0BE-412E-99FD-CD7361EEB2F9}.Debug|Any CPU.Build.0 = Debug|Any CPU
		{8B776CCC-B0BE-412E-99FD-CD7361EEB2F9}.Debug|ARM.ActiveCfg = Debug|Any CPU
		{8B776CCC-B0BE-412E-99FD-CD7361EEB2F9}.Debug|ARM.Build.0 = Debug|Any CPU
		{8B776CCC-B0BE-412E-99FD-CD7361EEB2F9}.Debug|ARM64.ActiveCfg = Debug|Any CPU
		{8B776CCC-B0BE-412E-99FD-CD7361EEB2F9}.Debug|ARM64.Build.0 = Debug|Any CPU
		{8B776CCC-B0BE-412E-99FD-CD7361EEB2F9}.Debug|x64.ActiveCfg = Debug|Any CPU
		{8B776CCC-B0BE-412E-99FD-CD7361EEB2F9}.Debug|x64.Build.0 = Debug|Any CPU
		{8B776CCC-B0BE-412E-99FD-CD7361EEB2F9}.Debug|x86.ActiveCfg = Debug|Any CPU
		{8B776CCC-B0BE-412E-99FD-CD7361EEB2F9}.Debug|x86.Build.0 = Debug|Any CPU
		{8B776CCC-B0BE-412E-99FD-CD7361EEB2F9}.Release|Any CPU.ActiveCfg = Release|Any CPU
		{8B776CCC-B0BE-412E-99FD-CD7361EEB2F9}.Release|Any CPU.Build.0 = Release|Any CPU
		{8B776CCC-B0BE-412E-99FD-CD7361EEB2F9}.Release|ARM.ActiveCfg = Release|Any CPU
		{8B776CCC-B0BE-412E-99FD-CD7361EEB2F9}.Release|ARM.Build.0 = Release|Any CPU
		{8B776CCC-B0BE-412E-99FD-CD7361EEB2F9}.Release|ARM64.ActiveCfg = Release|Any CPU
		{8B776CCC-B0BE-412E-99FD-CD7361EEB2F9}.Release|ARM64.Build.0 = Release|Any CPU
		{8B776CCC-B0BE-412E-99FD-CD7361EEB2F9}.Release|x64.ActiveCfg = Release|Any CPU
		{8B776CCC-B0BE-412E-99FD-CD7361EEB2F9}.Release|x64.Build.0 = Release|Any CPU
		{8B776CCC-B0BE-412E-99FD-CD7361EEB2F9}.Release|x86.ActiveCfg = Release|Any CPU
		{8B776CCC-B0BE-412E-99FD-CD7361EEB2F9}.Release|x86.Build.0 = Release|Any CPU
		{8044A86E-94C0-41E5-9422-BCE6EBEA3A30}.Debug|Any CPU.ActiveCfg = Debug|Any CPU
		{8044A86E-94C0-41E5-9422-BCE6EBEA3A30}.Debug|Any CPU.Build.0 = Debug|Any CPU
		{8044A86E-94C0-41E5-9422-BCE6EBEA3A30}.Debug|ARM.ActiveCfg = Debug|Any CPU
		{8044A86E-94C0-41E5-9422-BCE6EBEA3A30}.Debug|ARM.Build.0 = Debug|Any CPU
		{8044A86E-94C0-41E5-9422-BCE6EBEA3A30}.Debug|ARM64.ActiveCfg = Debug|Any CPU
		{8044A86E-94C0-41E5-9422-BCE6EBEA3A30}.Debug|ARM64.Build.0 = Debug|Any CPU
		{8044A86E-94C0-41E5-9422-BCE6EBEA3A30}.Debug|x64.ActiveCfg = Debug|Any CPU
		{8044A86E-94C0-41E5-9422-BCE6EBEA3A30}.Debug|x64.Build.0 = Debug|Any CPU
		{8044A86E-94C0-41E5-9422-BCE6EBEA3A30}.Debug|x86.ActiveCfg = Debug|Any CPU
		{8044A86E-94C0-41E5-9422-BCE6EBEA3A30}.Debug|x86.Build.0 = Debug|Any CPU
		{8044A86E-94C0-41E5-9422-BCE6EBEA3A30}.Release|Any CPU.ActiveCfg = Release|Any CPU
		{8044A86E-94C0-41E5-9422-BCE6EBEA3A30}.Release|Any CPU.Build.0 = Release|Any CPU
		{8044A86E-94C0-41E5-9422-BCE6EBEA3A30}.Release|ARM.ActiveCfg = Release|Any CPU
		{8044A86E-94C0-41E5-9422-BCE6EBEA3A30}.Release|ARM.Build.0 = Release|Any CPU
		{8044A86E-94C0-41E5-9422-BCE6EBEA3A30}.Release|ARM64.ActiveCfg = Release|Any CPU
		{8044A86E-94C0-41E5-9422-BCE6EBEA3A30}.Release|ARM64.Build.0 = Release|Any CPU
		{8044A86E-94C0-41E5-9422-BCE6EBEA3A30}.Release|x64.ActiveCfg = Release|Any CPU
		{8044A86E-94C0-41E5-9422-BCE6EBEA3A30}.Release|x64.Build.0 = Release|Any CPU
		{8044A86E-94C0-41E5-9422-BCE6EBEA3A30}.Release|x86.ActiveCfg = Release|Any CPU
		{8044A86E-94C0-41E5-9422-BCE6EBEA3A30}.Release|x86.Build.0 = Release|Any CPU
		{D09879D8-5ECE-4FE8-B53D-2CC21E261D75}.Debug|Any CPU.ActiveCfg = Debug|Any CPU
		{D09879D8-5ECE-4FE8-B53D-2CC21E261D75}.Debug|Any CPU.Build.0 = Debug|Any CPU
		{D09879D8-5ECE-4FE8-B53D-2CC21E261D75}.Debug|ARM.ActiveCfg = Debug|Any CPU
		{D09879D8-5ECE-4FE8-B53D-2CC21E261D75}.Debug|ARM.Build.0 = Debug|Any CPU
		{D09879D8-5ECE-4FE8-B53D-2CC21E261D75}.Debug|ARM64.ActiveCfg = Debug|Any CPU
		{D09879D8-5ECE-4FE8-B53D-2CC21E261D75}.Debug|ARM64.Build.0 = Debug|Any CPU
		{D09879D8-5ECE-4FE8-B53D-2CC21E261D75}.Debug|x64.ActiveCfg = Debug|Any CPU
		{D09879D8-5ECE-4FE8-B53D-2CC21E261D75}.Debug|x64.Build.0 = Debug|Any CPU
		{D09879D8-5ECE-4FE8-B53D-2CC21E261D75}.Debug|x86.ActiveCfg = Debug|Any CPU
		{D09879D8-5ECE-4FE8-B53D-2CC21E261D75}.Debug|x86.Build.0 = Debug|Any CPU
		{D09879D8-5ECE-4FE8-B53D-2CC21E261D75}.Release|Any CPU.ActiveCfg = Release|Any CPU
		{D09879D8-5ECE-4FE8-B53D-2CC21E261D75}.Release|Any CPU.Build.0 = Release|Any CPU
		{D09879D8-5ECE-4FE8-B53D-2CC21E261D75}.Release|ARM.ActiveCfg = Release|Any CPU
		{D09879D8-5ECE-4FE8-B53D-2CC21E261D75}.Release|ARM.Build.0 = Release|Any CPU
		{D09879D8-5ECE-4FE8-B53D-2CC21E261D75}.Release|ARM64.ActiveCfg = Release|Any CPU
		{D09879D8-5ECE-4FE8-B53D-2CC21E261D75}.Release|ARM64.Build.0 = Release|Any CPU
		{D09879D8-5ECE-4FE8-B53D-2CC21E261D75}.Release|x64.ActiveCfg = Release|Any CPU
		{D09879D8-5ECE-4FE8-B53D-2CC21E261D75}.Release|x64.Build.0 = Release|Any CPU
		{D09879D8-5ECE-4FE8-B53D-2CC21E261D75}.Release|x86.ActiveCfg = Release|Any CPU
		{D09879D8-5ECE-4FE8-B53D-2CC21E261D75}.Release|x86.Build.0 = Release|Any CPU
		{86928823-2A8D-42E1-AA71-1C30B1F10E72}.Debug|Any CPU.ActiveCfg = Debug|Any CPU
		{86928823-2A8D-42E1-AA71-1C30B1F10E72}.Debug|Any CPU.Build.0 = Debug|Any CPU
		{86928823-2A8D-42E1-AA71-1C30B1F10E72}.Debug|ARM.ActiveCfg = Debug|Any CPU
		{86928823-2A8D-42E1-AA71-1C30B1F10E72}.Debug|ARM.Build.0 = Debug|Any CPU
		{86928823-2A8D-42E1-AA71-1C30B1F10E72}.Debug|ARM64.ActiveCfg = Debug|Any CPU
		{86928823-2A8D-42E1-AA71-1C30B1F10E72}.Debug|ARM64.Build.0 = Debug|Any CPU
		{86928823-2A8D-42E1-AA71-1C30B1F10E72}.Debug|x64.ActiveCfg = Debug|Any CPU
		{86928823-2A8D-42E1-AA71-1C30B1F10E72}.Debug|x64.Build.0 = Debug|Any CPU
		{86928823-2A8D-42E1-AA71-1C30B1F10E72}.Debug|x86.ActiveCfg = Debug|Any CPU
		{86928823-2A8D-42E1-AA71-1C30B1F10E72}.Debug|x86.Build.0 = Debug|Any CPU
		{86928823-2A8D-42E1-AA71-1C30B1F10E72}.Release|Any CPU.ActiveCfg = Release|Any CPU
		{86928823-2A8D-42E1-AA71-1C30B1F10E72}.Release|Any CPU.Build.0 = Release|Any CPU
		{86928823-2A8D-42E1-AA71-1C30B1F10E72}.Release|ARM.ActiveCfg = Release|Any CPU
		{86928823-2A8D-42E1-AA71-1C30B1F10E72}.Release|ARM.Build.0 = Release|Any CPU
		{86928823-2A8D-42E1-AA71-1C30B1F10E72}.Release|ARM64.ActiveCfg = Release|Any CPU
		{86928823-2A8D-42E1-AA71-1C30B1F10E72}.Release|ARM64.Build.0 = Release|Any CPU
		{86928823-2A8D-42E1-AA71-1C30B1F10E72}.Release|x64.ActiveCfg = Release|Any CPU
		{86928823-2A8D-42E1-AA71-1C30B1F10E72}.Release|x64.Build.0 = Release|Any CPU
		{86928823-2A8D-42E1-AA71-1C30B1F10E72}.Release|x86.ActiveCfg = Release|Any CPU
		{86928823-2A8D-42E1-AA71-1C30B1F10E72}.Release|x86.Build.0 = Release|Any CPU
		{70914160-AACE-44E2-86B4-7F382CD0F1EB}.Debug|Any CPU.ActiveCfg = Debug|Any CPU
		{70914160-AACE-44E2-86B4-7F382CD0F1EB}.Debug|Any CPU.Build.0 = Debug|Any CPU
		{70914160-AACE-44E2-86B4-7F382CD0F1EB}.Debug|ARM.ActiveCfg = Debug|Any CPU
		{70914160-AACE-44E2-86B4-7F382CD0F1EB}.Debug|ARM.Build.0 = Debug|Any CPU
		{70914160-AACE-44E2-86B4-7F382CD0F1EB}.Debug|ARM64.ActiveCfg = Debug|Any CPU
		{70914160-AACE-44E2-86B4-7F382CD0F1EB}.Debug|ARM64.Build.0 = Debug|Any CPU
		{70914160-AACE-44E2-86B4-7F382CD0F1EB}.Debug|x64.ActiveCfg = Debug|Any CPU
		{70914160-AACE-44E2-86B4-7F382CD0F1EB}.Debug|x64.Build.0 = Debug|Any CPU
		{70914160-AACE-44E2-86B4-7F382CD0F1EB}.Debug|x86.ActiveCfg = Debug|Any CPU
		{70914160-AACE-44E2-86B4-7F382CD0F1EB}.Debug|x86.Build.0 = Debug|Any CPU
		{70914160-AACE-44E2-86B4-7F382CD0F1EB}.Release|Any CPU.ActiveCfg = Release|Any CPU
		{70914160-AACE-44E2-86B4-7F382CD0F1EB}.Release|Any CPU.Build.0 = Release|Any CPU
		{70914160-AACE-44E2-86B4-7F382CD0F1EB}.Release|ARM.ActiveCfg = Release|Any CPU
		{70914160-AACE-44E2-86B4-7F382CD0F1EB}.Release|ARM.Build.0 = Release|Any CPU
		{70914160-AACE-44E2-86B4-7F382CD0F1EB}.Release|ARM64.ActiveCfg = Release|Any CPU
		{70914160-AACE-44E2-86B4-7F382CD0F1EB}.Release|ARM64.Build.0 = Release|Any CPU
		{70914160-AACE-44E2-86B4-7F382CD0F1EB}.Release|x64.ActiveCfg = Release|Any CPU
		{70914160-AACE-44E2-86B4-7F382CD0F1EB}.Release|x64.Build.0 = Release|Any CPU
		{70914160-AACE-44E2-86B4-7F382CD0F1EB}.Release|x86.ActiveCfg = Release|Any CPU
		{70914160-AACE-44E2-86B4-7F382CD0F1EB}.Release|x86.Build.0 = Release|Any CPU
		{CBE30ACF-C01C-4252-9698-EA8C87D1D459}.Debug|Any CPU.ActiveCfg = Debug|Any CPU
		{CBE30ACF-C01C-4252-9698-EA8C87D1D459}.Debug|Any CPU.Build.0 = Debug|Any CPU
		{CBE30ACF-C01C-4252-9698-EA8C87D1D459}.Debug|ARM.ActiveCfg = Debug|Any CPU
		{CBE30ACF-C01C-4252-9698-EA8C87D1D459}.Debug|ARM.Build.0 = Debug|Any CPU
		{CBE30ACF-C01C-4252-9698-EA8C87D1D459}.Debug|ARM64.ActiveCfg = Debug|Any CPU
		{CBE30ACF-C01C-4252-9698-EA8C87D1D459}.Debug|ARM64.Build.0 = Debug|Any CPU
		{CBE30ACF-C01C-4252-9698-EA8C87D1D459}.Debug|x64.ActiveCfg = Debug|Any CPU
		{CBE30ACF-C01C-4252-9698-EA8C87D1D459}.Debug|x64.Build.0 = Debug|Any CPU
		{CBE30ACF-C01C-4252-9698-EA8C87D1D459}.Debug|x86.ActiveCfg = Debug|Any CPU
		{CBE30ACF-C01C-4252-9698-EA8C87D1D459}.Debug|x86.Build.0 = Debug|Any CPU
		{CBE30ACF-C01C-4252-9698-EA8C87D1D459}.Release|Any CPU.ActiveCfg = Release|Any CPU
		{CBE30ACF-C01C-4252-9698-EA8C87D1D459}.Release|Any CPU.Build.0 = Release|Any CPU
		{CBE30ACF-C01C-4252-9698-EA8C87D1D459}.Release|ARM.ActiveCfg = Release|Any CPU
		{CBE30ACF-C01C-4252-9698-EA8C87D1D459}.Release|ARM.Build.0 = Release|Any CPU
		{CBE30ACF-C01C-4252-9698-EA8C87D1D459}.Release|ARM64.ActiveCfg = Release|Any CPU
		{CBE30ACF-C01C-4252-9698-EA8C87D1D459}.Release|ARM64.Build.0 = Release|Any CPU
		{CBE30ACF-C01C-4252-9698-EA8C87D1D459}.Release|x64.ActiveCfg = Release|Any CPU
		{CBE30ACF-C01C-4252-9698-EA8C87D1D459}.Release|x64.Build.0 = Release|Any CPU
		{CBE30ACF-C01C-4252-9698-EA8C87D1D459}.Release|x86.ActiveCfg = Release|Any CPU
		{CBE30ACF-C01C-4252-9698-EA8C87D1D459}.Release|x86.Build.0 = Release|Any CPU
	EndGlobalSection
	GlobalSection(SolutionProperties) = preSolution
		HideSolutionNode = FALSE
	EndGlobalSection
	GlobalSection(NestedProjects) = preSolution
		{09FC125C-52ED-4BA1-9FD6-F4EC1C2C57C6} = {50C897C3-957D-450B-9B6D-EDBB7259EBC1}
		{8B776CCC-B0BE-412E-99FD-CD7361EEB2F9} = {29A9F78B-6832-4C25-8DAF-1D0AEB08AB85}
		{8044A86E-94C0-41E5-9422-BCE6EBEA3A30} = {29A9F78B-6832-4C25-8DAF-1D0AEB08AB85}
		{D09879D8-5ECE-4FE8-B53D-2CC21E261D75} = {29A9F78B-6832-4C25-8DAF-1D0AEB08AB85}
		{86928823-2A8D-42E1-AA71-1C30B1F10E72} = {FC13CD9E-655D-4475-9A19-13A3D354E51B}
		{70914160-AACE-44E2-86B4-7F382CD0F1EB} = {90774A02-A443-4987-A434-D956789BA938}
		{CBE30ACF-C01C-4252-9698-EA8C87D1D459} = {23AE4705-D8A7-4532-A912-2424C7E0AFB3}
	EndGlobalSection
	GlobalSection(ExtensibilityGlobals) = postSolution
		SolutionGuid = {4B6EA44C-26A4-49E7-B342-F4079F998DFE}
	EndGlobalSection
EndGlobal
